// !$*UTF8*$!
{
	archiveVersion = 1;
	classes = {
	};
	objectVersion = 55;
	objects = {

/* Begin PBXBuildFile section */
		CEFEC3FF270F2BE1000CEC3A /* AppDelegate.swift in Sources */ = {isa = PBXBuildFile; fileRef = CEFEC3FE270F2BE1000CEC3A /* AppDelegate.swift */; };
		CEFEC401270F2BE1000CEC3A /* SceneDelegate.swift in Sources */ = {isa = PBXBuildFile; fileRef = CEFEC400270F2BE1000CEC3A /* SceneDelegate.swift */; };
		CEFEC403270F2BE1000CEC3A /* ViewController.swift in Sources */ = {isa = PBXBuildFile; fileRef = CEFEC402270F2BE1000CEC3A /* ViewController.swift */; };
		CEFEC406270F2BE1000CEC3A /* Main.storyboard in Resources */ = {isa = PBXBuildFile; fileRef = CEFEC404270F2BE1000CEC3A /* Main.storyboard */; };
		CEFEC408270F2BE2000CEC3A /* Assets.xcassets in Resources */ = {isa = PBXBuildFile; fileRef = CEFEC407270F2BE2000CEC3A /* Assets.xcassets */; };
		CEFEC40B270F2BE2000CEC3A /* LaunchScreen.storyboard in Resources */ = {isa = PBXBuildFile; fileRef = CEFEC409270F2BE2000CEC3A /* LaunchScreen.storyboard */; };
		CEFEC413270F2C73000CEC3A /* girl.png in Resources */ = {isa = PBXBuildFile; fileRef = CEFEC412270F2C73000CEC3A /* girl.png */; };
/* End PBXBuildFile section */

/* Begin PBXFileReference section */
		CEFEC3FB270F2BE1000CEC3A /* Expand Cell.app */ = {isa = PBXFileReference; explicitFileType = wrapper.application; includeInIndex = 0; path = "Expand Cell.app"; sourceTree = BUILT_PRODUCTS_DIR; };
		CEFEC3FE270F2BE1000CEC3A /* AppDelegate.swift */ = {isa = PBXFileReference; lastKnownFileType = sourcecode.swift; path = AppDelegate.swift; sourceTree = "<group>"; };
		CEFEC400270F2BE1000CEC3A /* SceneDelegate.swift */ = {isa = PBXFileReference; lastKnownFileType = sourcecode.swift; path = SceneDelegate.swift; sourceTree = "<group>"; };
		CEFEC402270F2BE1000CEC3A /* ViewController.swift */ = {isa = PBXFileReference; lastKnownFileType = sourcecode.swift; path = ViewController.swift; sourceTree = "<group>"; };
		CEFEC405270F2BE1000CEC3A /* Base */ = {isa = PBXFileReference; lastKnownFileType = file.storyboard; name = Base; path = Base.lproj/Main.storyboard; sourceTree = "<group>"; };
		CEFEC407270F2BE2000CEC3A /* Assets.xcassets */ = {isa = PBXFileReference; lastKnownFileType = folder.assetcatalog; path = Assets.xcassets; sourceTree = "<group>"; };
		CEFEC40A270F2BE2000CEC3A /* Base */ = {isa = PBXFileReference; lastKnownFileType = file.storyboard; name = Base; path = Base.lproj/LaunchScreen.storyboard; sourceTree = "<group>"; };
		CEFEC40C270F2BE2000CEC3A /* Info.plist */ = {isa = PBXFileReference; lastKnownFileType = text.plist.xml; path = Info.plist; sourceTree = "<group>"; };
		CEFEC412270F2C73000CEC3A /* girl.png */ = {isa = PBXFileReference; lastKnownFileType = image.png; path = girl.png; sourceTree = "<group>"; };
/* End PBXFileReference section */

/* Begin PBXFrameworksBuildPhase section */
		CEFEC3F8270F2BE1000CEC3A /* Frameworks */ = {
			isa = PBXFrameworksBuildPhase;
			buildActionMask = 2147483647;
			files = (
			);
			runOnlyForDeploymentPostprocessing = 0;
		};
/* End PBXFrameworksBuildPhase section */

/* Begin PBXGroup section */
		CEFEC3F2270F2BE1000CEC3A = {
			isa = PBXGroup;
			children = (
				CEFEC3FD270F2BE1000CEC3A /* Expand Cell */,
				CEFEC3FC270F2BE1000CEC3A /* Products */,
			);
			sourceTree = "<group>";
		};
		CEFEC3FC270F2BE1000CEC3A /* Products */ = {
			isa = PBXGroup;
			children = (
				CEFEC3FB270F2BE1000CEC3A /* Expand Cell.app */,
			);
			name = Products;
			sourceTree = "<group>";
		};
		CEFEC3FD270F2BE1000CEC3A /* Expand Cell */ = {
			isa = PBXGroup;
			children = (
				CEFEC3FE270F2BE1000CEC3A /* AppDelegate.swift */,
				CEFEC400270F2BE1000CEC3A /* SceneDelegate.swift */,
				CEFEC402270F2BE1000CEC3A /* ViewController.swift */,
				CEFEC404270F2BE1000CEC3A /* Main.storyboard */,
				CEFEC407270F2BE2000CEC3A /* Assets.xcassets */,
				CEFEC409270F2BE2000CEC3A /* LaunchScreen.storyboard */,
				CEFEC40C270F2BE2000CEC3A /* Info.plist */,
				CEFEC412270F2C73000CEC3A /* girl.png */,
			);
			path = "Expand Cell";
			sourceTree = "<group>";
		};
/* End PBXGroup section */

/* Begin PBXNativeTarget section */
		CEFEC3FA270F2BE1000CEC3A /* Expand Cell */ = {
			isa = PBXNativeTarget;
			buildConfigurationList = CEFEC40F270F2BE2000CEC3A /* Build configuration list for PBXNativeTarget "Expand Cell" */;
			buildPhases = (
				CEFEC3F7270F2BE1000CEC3A /* Sources */,
				CEFEC3F8270F2BE1000CEC3A /* Frameworks */,
				CEFEC3F9270F2BE1000CEC3A /* Resources */,
			);
			buildRules = (
			);
			dependencies = (
			);
			name = "Expand Cell";
			productName = "Expand Cell";
			productReference = CEFEC3FB270F2BE1000CEC3A /* Expand Cell.app */;
			productType = "com.apple.product-type.application";
		};
/* End PBXNativeTarget section */

/* Begin PBXProject section */
		CEFEC3F3270F2BE1000CEC3A /* Project object */ = {
			isa = PBXProject;
			attributes = {
				BuildIndependentTargetsInParallel = 1;
				LastSwiftUpdateCheck = 1300;
				LastUpgradeCheck = 1300;
				TargetAttributes = {
					CEFEC3FA270F2BE1000CEC3A = {
						CreatedOnToolsVersion = 13.0;
					};
				};
			};
			buildConfigurationList = CEFEC3F6270F2BE1000CEC3A /* Build configuration list for PBXProject "Expand Cell" */;
			compatibilityVersion = "Xcode 13.0";
			developmentRegion = en;
			hasScannedForEncodings = 0;
			knownRegions = (
				en,
				Base,
			);
			mainGroup = CEFEC3F2270F2BE1000CEC3A;
			productRefGroup = CEFEC3FC270F2BE1000CEC3A /* Products */;
			projectDirPath = "";
			projectRoot = "";
			targets = (
				CEFEC3FA270F2BE1000CEC3A /* Expand Cell */,
			);
		};
/* End PBXProject section */

/* Begin PBXResourcesBuildPhase section */
		CEFEC3F9270F2BE1000CEC3A /* Resources */ = {
			isa = PBXResourcesBuildPhase;
			buildActionMask = 2147483647;
			files = (
				CEFEC40B270F2BE2000CEC3A /* LaunchScreen.storyboard in Resources */,
				CEFEC413270F2C73000CEC3A /* girl.png in Resources */,
				CEFEC408270F2BE2000CEC3A /* Assets.xcassets in Resources */,
				CEFEC406270F2BE1000CEC3A /* Main.storyboard in Resources */,
			);
			runOnlyForDeploymentPostprocessing = 0;
		};
/* End PBXResourcesBuildPhase section */

/* Begin PBXSourcesBuildPhase section */
		CEFEC3F7270F2BE1000CEC3A /* Sources */ = {
			isa = PBXSourcesBuildPhase;
			buildActionMask = 2147483647;
			files = (
				CEFEC403270F2BE1000CEC3A /* ViewController.swift in Sources */,
				CEFEC3FF270F2BE1000CEC3A /* AppDelegate.swift in Sources */,
				CEFEC401270F2BE1000CEC3A /* SceneDelegate.swift in Sources */,
			);
			runOnlyForDeploymentPostprocessing = 0;
		};
/* End PBXSourcesBuildPhase section */

/* Begin PBXVariantGroup section */
		CEFEC404270F2BE1000CEC3A /* Main.storyboard */ = {
			isa = PBXVariantGroup;
			children = (
				CEFEC405270F2BE1000CEC3A /* Base */,
			);
			name = Main.storyboard;
			sourceTree = "<group>";
		};
		CEFEC409270F2BE2000CEC3A /* LaunchScreen.storyboard */ = {
			isa = PBXVariantGroup;
			children = (
				CEFEC40A270F2BE2000CEC3A /* Base */,
			);
			name = LaunchScreen.storyboard;
			sourceTree = "<group>";
		};
/* End PBXVariantGroup section */

/* Begin XCBuildConfiguration section */
		CEFEC40D270F2BE2000CEC3A /* Debug */ = {
			isa = XCBuildConfiguration;
			buildSettings = {
				ALWAYS_SEARCH_USER_PATHS = NO;
				CLANG_ANALYZER_NONNULL = YES;
				CLANG_ANALYZER_NUMBER_OBJECT_CONVERSION = YES_AGGRESSIVE;
				CLANG_CXX_LANGUAGE_STANDARD = "gnu++17";
				CLANG_CXX_LIBRARY = "libc++";
				CLANG_ENABLE_MODULES = YES;
				CLANG_ENABLE_OBJC_ARC = YES;
				CLANG_ENABLE_OBJC_WEAK = YES;
				CLANG_WARN_BLOCK_CAPTURE_AUTORELEASING = YES;
				CLANG_WARN_BOOL_CONVERSION = YES;
				CLANG_WARN_COMMA = YES;
				CLANG_WARN_CONSTANT_CONVERSION = YES;
				CLANG_WARN_DEPRECATED_OBJC_IMPLEMENTATIONS = YES;
				CLANG_WARN_DIRECT_OBJC_ISA_USAGE = YES_ERROR;
				CLANG_WARN_DOCUMENTATION_COMMENTS = YES;
				CLANG_WARN_EMPTY_BODY = YES;
				CLANG_WARN_ENUM_CONVERSION = YES;
				CLANG_WARN_INFINITE_RECURSION = YES;
				CLANG_WARN_INT_CONVERSION = YES;
				CLANG_WARN_NON_LITERAL_NULL_CONVERSION = YES;
				CLANG_WARN_OBJC_IMPLICIT_RETAIN_SELF = YES;
				CLANG_WARN_OBJC_LITERAL_CONVERSION = YES;
				CLANG_WARN_OBJC_ROOT_CLASS = YES_ERROR;
				CLANG_WARN_QUOTED_INCLUDE_IN_FRAMEWORK_HEADER = YES;
				CLANG_WARN_RANGE_LOOP_ANALYSIS = YES;
				CLANG_WARN_STRICT_PROTOTYPES = YES;
				CLANG_WARN_SUSPICIOUS_MOVE = YES;
				CLANG_WARN_UNGUARDED_AVAILABILITY = YES_AGGRESSIVE;
				CLANG_WARN_UNREACHABLE_CODE = YES;
				CLANG_WARN__DUPLICATE_METHOD_MATCH = YES;
				COPY_PHASE_STRIP = NO;
				DEBUG_INFORMATION_FORMAT = dwarf;
				ENABLE_STRICT_OBJC_MSGSEND = YES;
				ENABLE_TESTABILITY = YES;
				GCC_C_LANGUAGE_STANDARD = gnu11;
				GCC_DYNAMIC_NO_PIC = NO;
				GCC_NO_COMMON_BLOCKS = YES;
				GCC_OPTIMIZATION_LEVEL = 0;
				GCC_PREPROCESSOR_DEFINITIONS = (
					"DEBUG=1",
					"$(inherited)",
				);
				GCC_WARN_64_TO_32_BIT_CONVERSION = YES;
				GCC_WARN_ABOUT_RETURN_TYPE = YES_ERROR;
				GCC_WARN_UNDECLARED_SELECTOR = YES;
				GCC_WARN_UNINITIALIZED_AUTOS = YES_AGGRESSIVE;
				GCC_WARN_UNUSED_FUNCTION = YES;
				GCC_WARN_UNUSED_VARIABLE = YES;
				IPHONEOS_DEPLOYMENT_TARGET = 15.0;
				MTL_ENABLE_DEBUG_INFO = INCLUDE_SOURCE;
				MTL_FAST_MATH = YES;
				ONLY_ACTIVE_ARCH = YES;
				SDKROOT = iphoneos;
				SWIFT_ACTIVE_COMPILATION_CONDITIONS = DEBUG;
				SWIFT_OPTIMIZATION_LEVEL = "-Onone";
			};
			name = Debug;
		};
		CEFEC40E270F2BE2000CEC3A /* Release */ = {
			isa = XCBuildConfiguration;
			buildSettings = {
				ALWAYS_SEARCH_USER_PATHS = NO;
				CLANG_ANALYZER_NONNULL = YES;
				CLANG_ANALYZER_NUMBER_OBJECT_CONVERSION = YES_AGGRESSIVE;
				CLANG_CXX_LANGUAGE_STANDARD = "gnu++17";
				CLANG_CXX_LIBRARY = "libc++";
				CLANG_ENABLE_MODULES = YES;
				CLANG_ENABLE_OBJC_ARC = YES;
				CLANG_ENABLE_OBJC_WEAK = YES;
				CLANG_WARN_BLOCK_CAPTURE_AUTORELEASING = YES;
				CLANG_WARN_BOOL_CONVERSION = YES;
				CLANG_WARN_COMMA = YES;
				CLANG_WARN_CONSTANT_CONVERSION = YES;
				CLANG_WARN_DEPRECATED_OBJC_IMPLEMENTATIONS = YES;
				CLANG_WARN_DIRECT_OBJC_ISA_USAGE = YES_ERROR;
				CLANG_WARN_DOCUMENTATION_COMMENTS = YES;
				CLANG_WARN_EMPTY_BODY = YES;
				CLANG_WARN_ENUM_CONVERSION = YES;
				CLANG_WARN_INFINITE_RECURSION = YES;
				CLANG_WARN_INT_CONVERSION = YES;
				CLANG_WARN_NON_LITERAL_NULL_CONVERSION = YES;
				CLANG_WARN_OBJC_IMPLICIT_RETAIN_SELF = YES;
				CLANG_WARN_OBJC_LITERAL_CONVERSION = YES;
				CLANG_WARN_OBJC_ROOT_CLASS = YES_ERROR;
				CLANG_WARN_QUOTED_INCLUDE_IN_FRAMEWORK_HEADER = YES;
				CLANG_WARN_RANGE_LOOP_ANALYSIS = YES;
				CLANG_WARN_STRICT_PROTOTYPES = YES;
				CLANG_WARN_SUSPICIOUS_MOVE = YES;
				CLANG_WARN_UNGUARDED_AVAILABILITY = YES_AGGRESSIVE;
				CLANG_WARN_UNREACHABLE_CODE = YES;
				CLANG_WARN__DUPLICATE_METHOD_MATCH = YES;
				COPY_PHASE_STRIP = NO;
				DEBUG_INFORMATION_FORMAT = "dwarf-with-dsym";
				ENABLE_NS_ASSERTIONS = NO;
				ENABLE_STRICT_OBJC_MSGSEND = YES;
				GCC_C_LANGUAGE_STANDARD = gnu11;
				GCC_NO_COMMON_BLOCKS = YES;
				GCC_WARN_64_TO_32_BIT_CONVERSION = YES;
				GCC_WARN_ABOUT_RETURN_TYPE = YES_ERROR;
				GCC_WARN_UNDECLARED_SELECTOR = YES;
				GCC_WARN_UNINITIALIZED_AUTOS = YES_AGGRESSIVE;
				GCC_WARN_UNUSED_FUNCTION = YES;
				GCC_WARN_UNUSED_VARIABLE = YES;
				IPHONEOS_DEPLOYMENT_TARGET = 15.0;
				MTL_ENABLE_DEBUG_INFO = NO;
				MTL_FAST_MATH = YES;
				SDKROOT = iphoneos;
				SWIFT_COMPILATION_MODE = wholemodule;
				SWIFT_OPTIMIZATION_LEVEL = "-O";
				VALIDATE_PRODUCT = YES;
			};
			name = Release;
		};
		CEFEC410270F2BE2000CEC3A /* Debug */ = {
			isa = XCBuildConfiguration;
			buildSettings = {
				ASSETCATALOG_COMPILER_APPICON_NAME = AppIcon;
				ASSETCATALOG_COMPILER_GLOBAL_ACCENT_COLOR_NAME = AccentColor;
				CODE_SIGN_STYLE = Automatic;
				CURRENT_PROJECT_VERSION = 1;
				DEVELOPMENT_TEAM = 9K86FQHDLU;
				GENERATE_INFOPLIST_FILE = YES;
				INFOPLIST_FILE = "Expand Cell/Info.plist";
				INFOPLIST_KEY_UIApplicationSupportsIndirectInputEvents = YES;
				INFOPLIST_KEY_UILaunchStoryboardName = LaunchScreen;
				INFOPLIST_KEY_UIMainStoryboardFile = Main;
				INFOPLIST_KEY_UISupportedInterfaceOrientations_iPad = "UIInterfaceOrientationPortrait UIInterfaceOrientationPortraitUpsideDown UIInterfaceOrientationLandscapeLeft UIInterfaceOrientationLandscapeRight";
				INFOPLIST_KEY_UISupportedInterfaceOrientations_iPhone = "UIInterfaceOrientationPortrait UIInterfaceOrientationLandscapeLeft UIInterfaceOrientationLandscapeRight";
				LD_RUNPATH_SEARCH_PATHS = (
					"$(inherited)",
					"@executable_path/Frameworks",
				);
				MARKETING_VERSION = 1.0;
				PRODUCT_BUNDLE_IDENTIFIER = "com.sejin.Expand-Cell";
				PRODUCT_NAME = "$(TARGET_NAME)";
				SWIFT_EMIT_LOC_STRINGS = YES;
				SWIFT_VERSION = 5.0;
				TARGETED_DEVICE_FAMILY = "1,2";
			};
			name = Debug;
		};
		CEFEC411270F2BE2000CEC3A /* Release */ = {
			isa = XCBuildConfiguration;
			buildSettings = {
				ASSETCATALOG_COMPILER_APPICON_NAME = AppIcon;
				ASSETCATALOG_COMPILER_GLOBAL_ACCENT_COLOR_NAME = AccentColor;
				CODE_SIGN_STYLE = Automatic;
				CURRENT_PROJECT_VERSION = 1;
				DEVELOPMENT_TEAM = 9K86FQHDLU;
				GENERATE_INFOPLIST_FILE = YES;
				INFOPLIST_FILE = "Expand Cell/Info.plist";
				INFOPLIST_KEY_UIApplicationSupportsIndirectInputEvents = YES;
				INFOPLIST_KEY_UILaunchStoryboardName = LaunchScreen;
				INFOPLIST_KEY_UIMainStoryboardFile = Main;
				INFOPLIST_KEY_UISupportedInterfaceOrientations_iPad = "UIInterfaceOrientationPortrait UIInterfaceOrientationPortraitUpsideDown UIInterfaceOrientationLandscapeLeft UIInterfaceOrientationLandscapeRight";
				INFOPLIST_KEY_UISupportedInterfaceOrientations_iPhone = "UIInterfaceOrientationPortrait UIInterfaceOrientationLandscapeLeft UIInterfaceOrientationLandscapeRight";
				LD_RUNPATH_SEARCH_PATHS = (
					"$(inherited)",
					"@executable_path/Frameworks",
				);
				MARKETING_VERSION = 1.0;
				PRODUCT_BUNDLE_IDENTIFIER = "com.sejin.Expand-Cell";
				PRODUCT_NAME = "$(TARGET_NAME)";
				SWIFT_EMIT_LOC_STRINGS = YES;
				SWIFT_VERSION = 5.0;
				TARGETED_DEVICE_FAMILY = "1,2";
			};
			name = Release;
		};
/* End XCBuildConfiguration section */

/* Begin XCConfigurationList section */
		CEFEC3F6270F2BE1000CEC3A /* Build configuration list for PBXProject "Expand Cell" */ = {
			isa = XCConfigurationList;
			buildConfigurations = (
				CEFEC40D270F2BE2000CEC3A /* Debug */,
				CEFEC40E270F2BE2000CEC3A /* Release */,
			);
			defaultConfigurationIsVisible = 0;
			defaultConfigurationName = Release;
		};
		CEFEC40F270F2BE2000CEC3A /* Build configuration list for PBXNativeTarget "Expand Cell" */ = {
			isa = XCConfigurationList;
			buildConfigurations = (
				CEFEC410270F2BE2000CEC3A /* Debug */,
				CEFEC411270F2BE2000CEC3A /* Release */,
			);
			defaultConfigurationIsVisible = 0;
			defaultConfigurationName = Release;
		};
/* End XCConfigurationList section */
	};
	rootObject = CEFEC3F3270F2BE1000CEC3A /* Project object */;
}
