// !$*UTF8*$!
{
	archiveVersion = 1;
	classes = {
	};
	objectVersion = 55;
	objects = {

/* Begin PBXBuildFile section */
		CE8473A72718515C0020EAD8 /* AppDelegate.swift in Sources */ = {isa = PBXBuildFile; fileRef = CE8473A62718515C0020EAD8 /* AppDelegate.swift */; };
		CE8473A92718515C0020EAD8 /* SceneDelegate.swift in Sources */ = {isa = PBXBuildFile; fileRef = CE8473A82718515C0020EAD8 /* SceneDelegate.swift */; };
		CE8473AB2718515C0020EAD8 /* ViewController.swift in Sources */ = {isa = PBXBuildFile; fileRef = CE8473AA2718515C0020EAD8 /* ViewController.swift */; };
		CE8473AE2718515C0020EAD8 /* Main.storyboard in Resources */ = {isa = PBXBuildFile; fileRef = CE8473AC2718515C0020EAD8 /* Main.storyboard */; };
		CE8473B02718515E0020EAD8 /* Assets.xcassets in Resources */ = {isa = PBXBuildFile; fileRef = CE8473AF2718515E0020EAD8 /* Assets.xcassets */; };
		CE8473B32718515E0020EAD8 /* LaunchScreen.storyboard in Resources */ = {isa = PBXBuildFile; fileRef = CE8473B12718515E0020EAD8 /* LaunchScreen.storyboard */; };
		CE8473BB2718525E0020EAD8 /* DiagonalCustomImageView.swift in Sources */ = {isa = PBXBuildFile; fileRef = CE8473BA2718525E0020EAD8 /* DiagonalCustomImageView.swift */; };
		CE8473BD271852E10020EAD8 /* night_sky.png in Resources */ = {isa = PBXBuildFile; fileRef = CE8473BC271852E10020EAD8 /* night_sky.png */; };
/* End PBXBuildFile section */

/* Begin PBXFileReference section */
		CE8473A32718515C0020EAD8 /* CustomLayout_Connect_Storyboard.app */ = {isa = PBXFileReference; explicitFileType = wrapper.application; includeInIndex = 0; path = CustomLayout_Connect_Storyboard.app; sourceTree = BUILT_PRODUCTS_DIR; };
		CE8473A62718515C0020EAD8 /* AppDelegate.swift */ = {isa = PBXFileReference; lastKnownFileType = sourcecode.swift; path = AppDelegate.swift; sourceTree = "<group>"; };
		CE8473A82718515C0020EAD8 /* SceneDelegate.swift */ = {isa = PBXFileReference; lastKnownFileType = sourcecode.swift; path = SceneDelegate.swift; sourceTree = "<group>"; };
		CE8473AA2718515C0020EAD8 /* ViewController.swift */ = {isa = PBXFileReference; lastKnownFileType = sourcecode.swift; path = ViewController.swift; sourceTree = "<group>"; };
		CE8473AD2718515C0020EAD8 /* Base */ = {isa = PBXFileReference; lastKnownFileType = file.storyboard; name = Base; path = Base.lproj/Main.storyboard; sourceTree = "<group>"; };
		CE8473AF2718515E0020EAD8 /* Assets.xcassets */ = {isa = PBXFileReference; lastKnownFileType = folder.assetcatalog; path = Assets.xcassets; sourceTree = "<group>"; };
		CE8473B22718515E0020EAD8 /* Base */ = {isa = PBXFileReference; lastKnownFileType = file.storyboard; name = Base; path = Base.lproj/LaunchScreen.storyboard; sourceTree = "<group>"; };
		CE8473B42718515E0020EAD8 /* Info.plist */ = {isa = PBXFileReference; lastKnownFileType = text.plist.xml; path = Info.plist; sourceTree = "<group>"; };
		CE8473BA2718525E0020EAD8 /* DiagonalCustomImageView.swift */ = {isa = PBXFileReference; lastKnownFileType = sourcecode.swift; path = DiagonalCustomImageView.swift; sourceTree = "<group>"; };
		CE8473BC271852E10020EAD8 /* night_sky.png */ = {isa = PBXFileReference; lastKnownFileType = image.png; path = night_sky.png; sourceTree = "<group>"; };
/* End PBXFileReference section */

/* Begin PBXFrameworksBuildPhase section */
		CE8473A02718515C0020EAD8 /* Frameworks */ = {
			isa = PBXFrameworksBuildPhase;
			buildActionMask = 2147483647;
			files = (
			);
			runOnlyForDeploymentPostprocessing = 0;
		};
/* End PBXFrameworksBuildPhase section */

/* Begin PBXGroup section */
		CE84739A2718515C0020EAD8 = {
			isa = PBXGroup;
			children = (
				CE8473A52718515C0020EAD8 /* CustomLayout_Connect_Storyboard */,
				CE8473A42718515C0020EAD8 /* Products */,
			);
			sourceTree = "<group>";
		};
		CE8473A42718515C0020EAD8 /* Products */ = {
			isa = PBXGroup;
			children = (
				CE8473A32718515C0020EAD8 /* CustomLayout_Connect_Storyboard.app */,
			);
			name = Products;
			sourceTree = "<group>";
		};
		CE8473A52718515C0020EAD8 /* CustomLayout_Connect_Storyboard */ = {
			isa = PBXGroup;
			children = (
				CE8473BA2718525E0020EAD8 /* DiagonalCustomImageView.swift */,
				CE8473A62718515C0020EAD8 /* AppDelegate.swift */,
				CE8473A82718515C0020EAD8 /* SceneDelegate.swift */,
				CE8473AA2718515C0020EAD8 /* ViewController.swift */,
				CE8473AC2718515C0020EAD8 /* Main.storyboard */,
				CE8473AF2718515E0020EAD8 /* Assets.xcassets */,
				CE8473B12718515E0020EAD8 /* LaunchScreen.storyboard */,
				CE8473B42718515E0020EAD8 /* Info.plist */,
				CE8473BC271852E10020EAD8 /* night_sky.png */,
			);
			path = CustomLayout_Connect_Storyboard;
			sourceTree = "<group>";
		};
/* End PBXGroup section */

/* Begin PBXNativeTarget section */
		CE8473A22718515C0020EAD8 /* CustomLayout_Connect_Storyboard */ = {
			isa = PBXNativeTarget;
			buildConfigurationList = CE8473B72718515E0020EAD8 /* Build configuration list for PBXNativeTarget "CustomLayout_Connect_Storyboard" */;
			buildPhases = (
				CE84739F2718515C0020EAD8 /* Sources */,
				CE8473A02718515C0020EAD8 /* Frameworks */,
				CE8473A12718515C0020EAD8 /* Resources */,
			);
			buildRules = (
			);
			dependencies = (
			);
			name = CustomLayout_Connect_Storyboard;
			productName = CustomLayout_Connect_Storyboard;
			productReference = CE8473A32718515C0020EAD8 /* CustomLayout_Connect_Storyboard.app */;
			productType = "com.apple.product-type.application";
		};
/* End PBXNativeTarget section */

/* Begin PBXProject section */
		CE84739B2718515C0020EAD8 /* Project object */ = {
			isa = PBXProject;
			attributes = {
				BuildIndependentTargetsInParallel = 1;
				LastSwiftUpdateCheck = 1300;
				LastUpgradeCheck = 1300;
				TargetAttributes = {
					CE8473A22718515C0020EAD8 = {
						CreatedOnToolsVersion = 13.0;
					};
				};
			};
			buildConfigurationList = CE84739E2718515C0020EAD8 /* Build configuration list for PBXProject "CustomLayout_Connect_Storyboard" */;
			compatibilityVersion = "Xcode 13.0";
			developmentRegion = en;
			hasScannedForEncodings = 0;
			knownRegions = (
				en,
				Base,
			);
			mainGroup = CE84739A2718515C0020EAD8;
			productRefGroup = CE8473A42718515C0020EAD8 /* Products */;
			projectDirPath = "";
			projectRoot = "";
			targets = (
				CE8473A22718515C0020EAD8 /* CustomLayout_Connect_Storyboard */,
			);
		};
/* End PBXProject section */

/* Begin PBXResourcesBuildPhase section */
		CE8473A12718515C0020EAD8 /* Resources */ = {
			isa = PBXResourcesBuildPhase;
			buildActionMask = 2147483647;
			files = (
				CE8473BD271852E10020EAD8 /* night_sky.png in Resources */,
				CE8473B32718515E0020EAD8 /* LaunchScreen.storyboard in Resources */,
				CE8473B02718515E0020EAD8 /* Assets.xcassets in Resources */,
				CE8473AE2718515C0020EAD8 /* Main.storyboard in Resources */,
			);
			runOnlyForDeploymentPostprocessing = 0;
		};
/* End PBXResourcesBuildPhase section */

/* Begin PBXSourcesBuildPhase section */
		CE84739F2718515C0020EAD8 /* Sources */ = {
			isa = PBXSourcesBuildPhase;
			buildActionMask = 2147483647;
			files = (
				CE8473BB2718525E0020EAD8 /* DiagonalCustomImageView.swift in Sources */,
				CE8473AB2718515C0020EAD8 /* ViewController.swift in Sources */,
				CE8473A72718515C0020EAD8 /* AppDelegate.swift in Sources */,
				CE8473A92718515C0020EAD8 /* SceneDelegate.swift in Sources */,
			);
			runOnlyForDeploymentPostprocessing = 0;
		};
/* End PBXSourcesBuildPhase section */

/* Begin PBXVariantGroup section */
		CE8473AC2718515C0020EAD8 /* Main.storyboard */ = {
			isa = PBXVariantGroup;
			children = (
				CE8473AD2718515C0020EAD8 /* Base */,
			);
			name = Main.storyboard;
			sourceTree = "<group>";
		};
		CE8473B12718515E0020EAD8 /* LaunchScreen.storyboard */ = {
			isa = PBXVariantGroup;
			children = (
				CE8473B22718515E0020EAD8 /* Base */,
			);
			name = LaunchScreen.storyboard;
			sourceTree = "<group>";
		};
/* End PBXVariantGroup section */

/* Begin XCBuildConfiguration section */
		CE8473B52718515E0020EAD8 /* Debug */ = {
			isa = XCBuildConfiguration;
			buildSettings = {
				ALWAYS_SEARCH_USER_PATHS = NO;
				CLANG_ANALYZER_NONNULL = YES;
				CLANG_ANALYZER_NUMBER_OBJECT_CONVERSION = YES_AGGRESSIVE;
				CLANG_CXX_LANGUAGE_STANDARD = "gnu++17";
				CLANG_CXX_LIBRARY = "libc++";
				CLANG_ENABLE_MODULES = YES;
				CLANG_ENABLE_OBJC_ARC = YES;
				CLANG_ENABLE_OBJC_WEAK = YES;
				CLANG_WARN_BLOCK_CAPTURE_AUTORELEASING = YES;
				CLANG_WARN_BOOL_CONVERSION = YES;
				CLANG_WARN_COMMA = YES;
				CLANG_WARN_CONSTANT_CONVERSION = YES;
				CLANG_WARN_DEPRECATED_OBJC_IMPLEMENTATIONS = YES;
				CLANG_WARN_DIRECT_OBJC_ISA_USAGE = YES_ERROR;
				CLANG_WARN_DOCUMENTATION_COMMENTS = YES;
				CLANG_WARN_EMPTY_BODY = YES;
				CLANG_WARN_ENUM_CONVERSION = YES;
				CLANG_WARN_INFINITE_RECURSION = YES;
				CLANG_WARN_INT_CONVERSION = YES;
				CLANG_WARN_NON_LITERAL_NULL_CONVERSION = YES;
				CLANG_WARN_OBJC_IMPLICIT_RETAIN_SELF = YES;
				CLANG_WARN_OBJC_LITERAL_CONVERSION = YES;
				CLANG_WARN_OBJC_ROOT_CLASS = YES_ERROR;
				CLANG_WARN_QUOTED_INCLUDE_IN_FRAMEWORK_HEADER = YES;
				CLANG_WARN_RANGE_LOOP_ANALYSIS = YES;
				CLANG_WARN_STRICT_PROTOTYPES = YES;
				CLANG_WARN_SUSPICIOUS_MOVE = YES;
				CLANG_WARN_UNGUARDED_AVAILABILITY = YES_AGGRESSIVE;
				CLANG_WARN_UNREACHABLE_CODE = YES;
				CLANG_WARN__DUPLICATE_METHOD_MATCH = YES;
				COPY_PHASE_STRIP = NO;
				DEBUG_INFORMATION_FORMAT = dwarf;
				ENABLE_STRICT_OBJC_MSGSEND = YES;
				ENABLE_TESTABILITY = YES;
				GCC_C_LANGUAGE_STANDARD = gnu11;
				GCC_DYNAMIC_NO_PIC = NO;
				GCC_NO_COMMON_BLOCKS = YES;
				GCC_OPTIMIZATION_LEVEL = 0;
				GCC_PREPROCESSOR_DEFINITIONS = (
					"DEBUG=1",
					"$(inherited)",
				);
				GCC_WARN_64_TO_32_BIT_CONVERSION = YES;
				GCC_WARN_ABOUT_RETURN_TYPE = YES_ERROR;
				GCC_WARN_UNDECLARED_SELECTOR = YES;
				GCC_WARN_UNINITIALIZED_AUTOS = YES_AGGRESSIVE;
				GCC_WARN_UNUSED_FUNCTION = YES;
				GCC_WARN_UNUSED_VARIABLE = YES;
				IPHONEOS_DEPLOYMENT_TARGET = 15.0;
				MTL_ENABLE_DEBUG_INFO = INCLUDE_SOURCE;
				MTL_FAST_MATH = YES;
				ONLY_ACTIVE_ARCH = YES;
				SDKROOT = iphoneos;
				SWIFT_ACTIVE_COMPILATION_CONDITIONS = DEBUG;
				SWIFT_OPTIMIZATION_LEVEL = "-Onone";
			};
			name = Debug;
		};
		CE8473B62718515E0020EAD8 /* Release */ = {
			isa = XCBuildConfiguration;
			buildSettings = {
				ALWAYS_SEARCH_USER_PATHS = NO;
				CLANG_ANALYZER_NONNULL = YES;
				CLANG_ANALYZER_NUMBER_OBJECT_CONVERSION = YES_AGGRESSIVE;
				CLANG_CXX_LANGUAGE_STANDARD = "gnu++17";
				CLANG_CXX_LIBRARY = "libc++";
				CLANG_ENABLE_MODULES = YES;
				CLANG_ENABLE_OBJC_ARC = YES;
				CLANG_ENABLE_OBJC_WEAK = YES;
				CLANG_WARN_BLOCK_CAPTURE_AUTORELEASING = YES;
				CLANG_WARN_BOOL_CONVERSION = YES;
				CLANG_WARN_COMMA = YES;
				CLANG_WARN_CONSTANT_CONVERSION = YES;
				CLANG_WARN_DEPRECATED_OBJC_IMPLEMENTATIONS = YES;
				CLANG_WARN_DIRECT_OBJC_ISA_USAGE = YES_ERROR;
				CLANG_WARN_DOCUMENTATION_COMMENTS = YES;
				CLANG_WARN_EMPTY_BODY = YES;
				CLANG_WARN_ENUM_CONVERSION = YES;
				CLANG_WARN_INFINITE_RECURSION = YES;
				CLANG_WARN_INT_CONVERSION = YES;
				CLANG_WARN_NON_LITERAL_NULL_CONVERSION = YES;
				CLANG_WARN_OBJC_IMPLICIT_RETAIN_SELF = YES;
				CLANG_WARN_OBJC_LITERAL_CONVERSION = YES;
				CLANG_WARN_OBJC_ROOT_CLASS = YES_ERROR;
				CLANG_WARN_QUOTED_INCLUDE_IN_FRAMEWORK_HEADER = YES;
				CLANG_WARN_RANGE_LOOP_ANALYSIS = YES;
				CLANG_WARN_STRICT_PROTOTYPES = YES;
				CLANG_WARN_SUSPICIOUS_MOVE = YES;
				CLANG_WARN_UNGUARDED_AVAILABILITY = YES_AGGRESSIVE;
				CLANG_WARN_UNREACHABLE_CODE = YES;
				CLANG_WARN__DUPLICATE_METHOD_MATCH = YES;
				COPY_PHASE_STRIP = NO;
				DEBUG_INFORMATION_FORMAT = "dwarf-with-dsym";
				ENABLE_NS_ASSERTIONS = NO;
				ENABLE_STRICT_OBJC_MSGSEND = YES;
				GCC_C_LANGUAGE_STANDARD = gnu11;
				GCC_NO_COMMON_BLOCKS = YES;
				GCC_WARN_64_TO_32_BIT_CONVERSION = YES;
				GCC_WARN_ABOUT_RETURN_TYPE = YES_ERROR;
				GCC_WARN_UNDECLARED_SELECTOR = YES;
				GCC_WARN_UNINITIALIZED_AUTOS = YES_AGGRESSIVE;
				GCC_WARN_UNUSED_FUNCTION = YES;
				GCC_WARN_UNUSED_VARIABLE = YES;
				IPHONEOS_DEPLOYMENT_TARGET = 15.0;
				MTL_ENABLE_DEBUG_INFO = NO;
				MTL_FAST_MATH = YES;
				SDKROOT = iphoneos;
				SWIFT_COMPILATION_MODE = wholemodule;
				SWIFT_OPTIMIZATION_LEVEL = "-O";
				VALIDATE_PRODUCT = YES;
			};
			name = Release;
		};
		CE8473B82718515E0020EAD8 /* Debug */ = {
			isa = XCBuildConfiguration;
			buildSettings = {
				ASSETCATALOG_COMPILER_APPICON_NAME = AppIcon;
				ASSETCATALOG_COMPILER_GLOBAL_ACCENT_COLOR_NAME = AccentColor;
				CODE_SIGN_STYLE = Automatic;
				CURRENT_PROJECT_VERSION = 1;
				DEVELOPMENT_TEAM = 9K86FQHDLU;
				GENERATE_INFOPLIST_FILE = YES;
				INFOPLIST_FILE = CustomLayout_Connect_Storyboard/Info.plist;
				INFOPLIST_KEY_UIApplicationSupportsIndirectInputEvents = YES;
				INFOPLIST_KEY_UILaunchStoryboardName = LaunchScreen;
				INFOPLIST_KEY_UIMainStoryboardFile = Main;
				INFOPLIST_KEY_UISupportedInterfaceOrientations_iPad = "UIInterfaceOrientationPortrait UIInterfaceOrientationPortraitUpsideDown UIInterfaceOrientationLandscapeLeft UIInterfaceOrientationLandscapeRight";
				INFOPLIST_KEY_UISupportedInterfaceOrientations_iPhone = "UIInterfaceOrientationPortrait UIInterfaceOrientationLandscapeLeft UIInterfaceOrientationLandscapeRight";
				LD_RUNPATH_SEARCH_PATHS = (
					"$(inherited)",
					"@executable_path/Frameworks",
				);
				MARKETING_VERSION = 1.0;
				PRODUCT_BUNDLE_IDENTIFIER = "com.sejin.CustomLayout-Connect-Storyboard";
				PRODUCT_NAME = "$(TARGET_NAME)";
				SWIFT_EMIT_LOC_STRINGS = YES;
				SWIFT_VERSION = 5.0;
				TARGETED_DEVICE_FAMILY = "1,2";
			};
			name = Debug;
		};
		CE8473B92718515E0020EAD8 /* Release */ = {
			isa = XCBuildConfiguration;
			buildSettings = {
				ASSETCATALOG_COMPILER_APPICON_NAME = AppIcon;
				ASSETCATALOG_COMPILER_GLOBAL_ACCENT_COLOR_NAME = AccentColor;
				CODE_SIGN_STYLE = Automatic;
				CURRENT_PROJECT_VERSION = 1;
				DEVELOPMENT_TEAM = 9K86FQHDLU;
				GENERATE_INFOPLIST_FILE = YES;
				INFOPLIST_FILE = CustomLayout_Connect_Storyboard/Info.plist;
				INFOPLIST_KEY_UIApplicationSupportsIndirectInputEvents = YES;
				INFOPLIST_KEY_UILaunchStoryboardName = LaunchScreen;
				INFOPLIST_KEY_UIMainStoryboardFile = Main;
				INFOPLIST_KEY_UISupportedInterfaceOrientations_iPad = "UIInterfaceOrientationPortrait UIInterfaceOrientationPortraitUpsideDown UIInterfaceOrientationLandscapeLeft UIInterfaceOrientationLandscapeRight";
				INFOPLIST_KEY_UISupportedInterfaceOrientations_iPhone = "UIInterfaceOrientationPortrait UIInterfaceOrientationLandscapeLeft UIInterfaceOrientationLandscapeRight";
				LD_RUNPATH_SEARCH_PATHS = (
					"$(inherited)",
					"@executable_path/Frameworks",
				);
				MARKETING_VERSION = 1.0;
				PRODUCT_BUNDLE_IDENTIFIER = "com.sejin.CustomLayout-Connect-Storyboard";
				PRODUCT_NAME = "$(TARGET_NAME)";
				SWIFT_EMIT_LOC_STRINGS = YES;
				SWIFT_VERSION = 5.0;
				TARGETED_DEVICE_FAMILY = "1,2";
			};
			name = Release;
		};
/* End XCBuildConfiguration section */

/* Begin XCConfigurationList section */
		CE84739E2718515C0020EAD8 /* Build configuration list for PBXProject "CustomLayout_Connect_Storyboard" */ = {
			isa = XCConfigurationList;
			buildConfigurations = (
				CE8473B52718515E0020EAD8 /* Debug */,
				CE8473B62718515E0020EAD8 /* Release */,
			);
			defaultConfigurationIsVisible = 0;
			defaultConfigurationName = Release;
		};
		CE8473B72718515E0020EAD8 /* Build configuration list for PBXNativeTarget "CustomLayout_Connect_Storyboard" */ = {
			isa = XCConfigurationList;
			buildConfigurations = (
				CE8473B82718515E0020EAD8 /* Debug */,
				CE8473B92718515E0020EAD8 /* Release */,
			);
			defaultConfigurationIsVisible = 0;
			defaultConfigurationName = Release;
		};
/* End XCConfigurationList section */
	};
	rootObject = CE84739B2718515C0020EAD8 /* Project object */;
}
